
Microsoft Visual Studio Solution File, Format Version 12.00
# Visual Studio 15
VisualStudioVersion = 15.0.25914.0
MinimumVisualStudioVersion = 10.0.40219.1
Project("{FAE04EC0-301F-11D3-BF4B-00C04F79EFBC}") = "Root", "Root\Root.csproj", "{09028075-C046-4DDA-B686-46BE820C2161}"
EndProject
Project("{2150E333-8FDC-42A3-9474-1A3956D46DE8}") = "Solution Items", "Solution Items", "{A84DB23C-56AB-4AFE-ACD7-6A48181848E8}"
	ProjectSection(SolutionItems) = preProject
		..\..\..\Downloads\rootlightblack.png = ..\..\..\Downloads\rootlightblack.png
	EndProjectSection
EndProject
Project("{FAE04EC0-301F-11D3-BF4B-00C04F79EFBC}") = "RootTestCases", "RootTestCases\RootTestCases.csproj", "{C52FDA92-A8D7-435A-9514-A8481AD471BC}"
EndProject
Global
	GlobalSection(SolutionConfigurationPlatforms) = preSolution
		Debug|Any CPU = Debug|Any CPU
		Release|Any CPU = Release|Any CPU
	EndGlobalSection
	GlobalSection(ProjectConfigurationPlatforms) = postSolution
		{09028075-C046-4DDA-B686-46BE820C2161}.Debug|Any CPU.ActiveCfg = Debug|Any CPU
		{09028075-C046-4DDA-B686-46BE820C2161}.Debug|Any CPU.Build.0 = Debug|Any CPU
		{09028075-C046-4DDA-B686-46BE820C2161}.Debug|Any CPU.Deploy.0 = Debug|Any CPU
		{09028075-C046-4DDA-B686-46BE820C2161}.Release|Any CPU.ActiveCfg = Release|Any CPU
		{09028075-C046-4DDA-B686-46BE820C2161}.Release|Any CPU.Build.0 = Release|Any CPU
		{C52FDA92-A8D7-435A-9514-A8481AD471BC}.Debug|Any CPU.ActiveCfg = Debug|Any CPU
		{C52FDA92-A8D7-435A-9514-A8481AD471BC}.Debug|Any CPU.Build.0 = Debug|Any CPU
		{C52FDA92-A8D7-435A-9514-A8481AD471BC}.Release|Any CPU.ActiveCfg = Release|Any CPU
		{C52FDA92-A8D7-435A-9514-A8481AD471BC}.Release|Any CPU.Build.0 = Release|Any CPU
	EndGlobalSection
	GlobalSection(SolutionProperties) = preSolution
		HideSolutionNode = FALSE
	EndGlobalSection
EndGlobal
